// !$*UTF8*$!
{
	archiveVersion = 1;
	classes = {
	};
	objectVersion = 46;
	objects = {

/* Begin PBXContainerItemProxy section */
		1CEB949E120BEB7500000000 /* PBXContainerItemProxy */ = {
			isa = PBXContainerItemProxy;
			containerPortal = 88F44A677BD1E21400000000 /* Project object */;
			proxyType = 1;
			remoteGlobalIDString = 9E476AC4120BEB7400000000;
		};
/* End PBXContainerItemProxy section */

/* Begin PBXFileReference section */
		C397EAC666DF8AFC00000000 /* libios-app-UrlGetClasses.a */ = {isa = PBXFileReference; explicitFileType = archive.ar; name = "libios-app-UrlGetClasses.a"; path = "libios-app-UrlGetClasses.a"; sourceTree = BUILT_PRODUCTS_DIR; };
		C397EAC6895F619500000000 /* BUILD */ = {isa = PBXFileReference; lastKnownFileType = text; name = BUILD; path = "ios-app/BUILD"; sourceTree = "<group>"; };
		C397EAC6A9DC3EFC00000000 /* ios-app.app */ = {isa = PBXFileReference; explicitFileType = wrapper.application; name = "ios-app.app"; path = "ios-app.app"; sourceTree = BUILT_PRODUCTS_DIR; };
		C397EAC6B702804900000000 /* Info.plist */ = {isa = PBXFileReference; explicitFileType = text.plist; name = Info.plist; path = "tulsi-workspace/bazel-tulsi-includes/x/x/ios-app/ios-app-intermediates/Info.plist"; sourceTree = "<group>"; };
/* End PBXFileReference section */

/* Begin PBXGroup section */
		00A60C4552F7CD6B00000000 /* ios-app */ = {
			isa = PBXGroup;
			children = (
				00A60C45C8F1A94D00000000 /* ios-app-intermediates */,
			);
			name = "ios-app";
			sourceTree = "<group>";
		};
		00A60C4552F7CD6B00000001 /* ios-app */ = {
			isa = PBXGroup;
			children = (
				C397EAC6895F619500000000 /* BUILD */,
			);
			name = "ios-app";
			sourceTree = "<group>";
		};
		00A60C45652C338E00000000 /* Products */ = {
			isa = PBXGroup;
			children = (
				00A60C45E663924900000000 /* bazel-tulsi-includes */,
				C397EAC6A9DC3EFC00000000 /* ios-app.app */,
				C397EAC666DF8AFC00000000 /* libios-app-UrlGetClasses.a */,
			);
			name = Products;
			sourceTree = "<group>";
		};
		00A60C4570F1E7B400000000 /* mainGroup */ = {
			isa = PBXGroup;
			children = (
				00A60C45652C338E00000000 /* Products */,
				00A60C4552F7CD6B00000001 /* ios-app */,
			);
			name = mainGroup;
			sourceTree = SOURCE_ROOT;
		};
		00A60C45C8C4BCF200000000 /* x */ = {
			isa = PBXGroup;
			children = (
				00A60C45C8C4BCF200000001 /* x */,
			);
			name = x;
			sourceTree = "<group>";
		};
		00A60C45C8C4BCF200000001 /* x */ = {
			isa = PBXGroup;
			children = (
				00A60C4552F7CD6B00000000 /* ios-app */,
			);
			name = x;
			sourceTree = "<group>";
		};
		00A60C45C8F1A94D00000000 /* ios-app-intermediates */ = {
			isa = PBXGroup;
			children = (
				C397EAC6B702804900000000 /* Info.plist */,
			);
			name = "ios-app-intermediates";
			sourceTree = "<group>";
		};
		00A60C45E663924900000000 /* bazel-tulsi-includes */ = {
			isa = PBXGroup;
			children = (
				00A60C45C8C4BCF200000000 /* x */,
			);
			name = "bazel-tulsi-includes";
			sourceTree = "<group>";
		};
/* End PBXGroup section */

/* Begin PBXLegacyTarget section */
		9E476AC4120BEB7400000000 /* _bazel_clean_ */ = {
			isa = PBXLegacyTarget;
			buildArgumentsString = "\"/Users/maxwellelliott/go/bin/bazelisk\" \"bazel-bin\"";
			buildConfigurationList = FE03DA74045B4F4600000000 /* Build configuration list for PBXLegacyTarget "_bazel_clean_" */;
			buildPhases = (
			);
			buildToolPath = "${PROJECT_FILE_PATH}/.tulsi/Scripts/bazel_clean.sh";
			buildWorkingDirectory = "";
			dependencies = (
			);
			name = _bazel_clean_;
			passBuildSettingsInEnvironment = 1;
			productName = _bazel_clean_;
		};
/* End PBXLegacyTarget section */

/* Begin PBXNativeTarget section */
		AB1E347B635934BC00000000 /* ios-app-UrlGetClasses */ = {
			isa = PBXNativeTarget;
			buildConfigurationList = FE03DA74FAD34DEB00000000 /* Build configuration list for PBXNativeTarget "ios-app-UrlGetClasses" */;
			buildPhases = (
				C6AA0B8E3EC7140800000000 /* ShellScript */,
			);
			buildRules = (
			);
			dependencies = (
				6F640934120BEB7500000000 /* PBXTargetDependency */,
			);
			name = "ios-app-UrlGetClasses";
			productName = "ios-app-UrlGetClasses";
			productReference = C397EAC666DF8AFC00000000 /* libios-app-UrlGetClasses.a */;
			productType = "com.apple.product-type.library.static";
		};
		AB1E347BA5EF9AD600000000 /* ios-app */ = {
			isa = PBXNativeTarget;
			buildConfigurationList = FE03DA7453A7ECBA00000000 /* Build configuration list for PBXNativeTarget "ios-app" */;
			buildPhases = (
				C6AA0B8EDB20CC3900000000 /* ShellScript */,
			);
			buildRules = (
			);
			dependencies = (
				6F640934120BEB7500000000 /* PBXTargetDependency */,
			);
			name = "ios-app";
			productName = "ios-app";
			productReference = C397EAC6A9DC3EFC00000000 /* ios-app.app */;
			productType = "com.apple.product-type.application";
		};
/* End PBXNativeTarget section */

/* Begin PBXProject section */
		88F44A677BD1E21400000000 /* Project object */ = {
			isa = PBXProject;
			attributes = {
				LastSwiftUpdateCheck = 0710;
				LastUpgradeCheck = 1000;
			};
			buildConfigurationList = FE03DA7482FCDCB300000000 /* Build configuration list for PBXProject "BazelExample" */;
			compatibilityVersion = "Xcode 3.2";
			developmentRegion = English;
			hasScannedForEncodings = 0;
			knownRegions = (
				en,
			);
			mainGroup = 00A60C4570F1E7B400000000 /* mainGroup */;
			targets = (
				9E476AC4120BEB7400000000 /* _bazel_clean_ */,
				AB1E347BA5EF9AD600000000 /* ios-app */,
				AB1E347B635934BC00000000 /* ios-app-UrlGetClasses */,
			);
		};
/* End PBXProject section */

/* Begin PBXShellScriptBuildPhase section */
		C6AA0B8E3EC7140800000000 /* ShellScript */ = {
			isa = PBXShellScriptBuildPhase;
			buildActionMask = 0;
			files = (
			);
			inputPaths = (
				"$(TARGET_BUILD_DIR)/$(INFOPLIST_PATH)",
			);
			outputPaths = (
			);
			runOnlyForDeploymentPostprocessing = 0;
			shellPath = /bin/bash;
			shellScript = "set -e\n\nexec \"${PROJECT_FILE_PATH}/.tulsi/Scripts/bazel_build.py\" //ios-app:UrlGetClasses --bazel \"/Users/maxwellelliott/go/bin/bazelisk\" --bazel_bin_path \"bazel-bin\" --verbose ";
			showEnvVarsInLog = 1;
		};
		C6AA0B8EDB20CC3900000000 /* ShellScript */ = {
			isa = PBXShellScriptBuildPhase;
			buildActionMask = 0;
			files = (
			);
			inputPaths = (
				"$(TARGET_BUILD_DIR)/$(INFOPLIST_PATH)",
			);
			outputPaths = (
			);
			runOnlyForDeploymentPostprocessing = 0;
			shellPath = /bin/bash;
			shellScript = "set -e\n\nexec \"${PROJECT_FILE_PATH}/.tulsi/Scripts/bazel_build.py\" //ios-app:ios-app --bazel \"/Users/maxwellelliott/go/bin/bazelisk\" --bazel_bin_path \"bazel-bin\" --verbose ";
			showEnvVarsInLog = 1;
		};
/* End PBXShellScriptBuildPhase section */

/* Begin PBXTargetDependency section */
		6F640934120BEB7500000000 /* PBXTargetDependency */ = {
			isa = PBXTargetDependency;
			targetProxy = 1CEB949E120BEB7500000000 /* PBXContainerItemProxy */;
		};
/* End PBXTargetDependency section */

/* Begin XCBuildConfiguration section */
		8A6D282B0ED1F45600000000 /* __TulsiTestRunner_Release */ = {
			isa = XCBuildConfiguration;
			buildSettings = {
				ALWAYS_SEARCH_USER_PATHS = NO;
				CLANG_CXX_LANGUAGE_STANDARD = "gnu++17";
				CLANG_ENABLE_OBJC_ARC = YES;
				CLANG_WARN_BOOL_CONVERSION = YES;
				CLANG_WARN_CONSTANT_CONVERSION = YES;
				CLANG_WARN_EMPTY_BODY = YES;
				CLANG_WARN_ENUM_CONVERSION = YES;
				CLANG_WARN_INT_CONVERSION = YES;
				CLANG_WARN_UNREACHABLE_CODE = YES;
				CLANG_WARN__DUPLICATE_METHOD_MATCH = YES;
				CODE_SIGNING_REQUIRED = NO;
				CODE_SIGN_IDENTITY = "";
				DONT_RUN_SWIFT_STDLIB_TOOL = YES;
				ENABLE_TESTABILITY = YES;
				FRAMEWORK_SEARCH_PATHS = "";
				GCC_PREPROCESSOR_DEFINITIONS = "NDEBUG=1";
				GCC_WARN_64_TO_32_BIT_CONVERSION = YES;
				GCC_WARN_ABOUT_RETURN_TYPE = YES;
				GCC_WARN_UNDECLARED_SELECTOR = YES;
				GCC_WARN_UNINITIALIZED_AUTOS = YES;
				GCC_WARN_UNUSED_FUNCTION = YES;
				GCC_WARN_UNUSED_VARIABLE = YES;
				HEADER_SEARCH_PATHS = "";
				ONLY_ACTIVE_ARCH = YES;
				OTHER_CFLAGS = "--version";
				OTHER_LDFLAGS = "--version";
				OTHER_SWIFT_FLAGS = "--version";
				PYTHONIOENCODING = utf8;
				SDKROOT = iphoneos;
				SWIFT_INSTALL_OBJC_HEADER = NO;
				SWIFT_OBJC_INTERFACE_HEADER_NAME = "$(PRODUCT_NAME).h";
				SWIFT_VERSION = 5.2;
				TULSI_BWRS = "$(PROJECT_FILE_PATH)/.tulsi/tulsi-workspace";
				TULSI_PROJECT = BazelExample;
				TULSI_VERSION = 0.20200514.88;
				TULSI_WR = "$(SRCROOT)";
			};
			name = __TulsiTestRunner_Release;
		};
		8A6D282B0ED1F45600000001 /* __TulsiTestRunner_Release */ = {
			isa = XCBuildConfiguration;
			buildSettings = {
				ASSETCATALOG_COMPILER_LAUNCHIMAGE_NAME = "Stub Launch Image";
				BAZEL_TARGET = "//ios-app:ios-app";
				DEBUG_INFORMATION_FORMAT = dwarf;
				FRAMEWORK_SEARCH_PATHS = "";
				GCC_PREPROCESSOR_DEFINITIONS = "NDEBUG=1";
				HEADER_SEARCH_PATHS = "";
				INFOPLIST_FILE = "${PROJECT_FILE_PATH}/.tulsi/Resources/StubInfoPlist.plist";
				IPHONEOS_DEPLOYMENT_TARGET = 8.0;
				ONLY_ACTIVE_ARCH = YES;
				OTHER_CFLAGS = "--version";
				OTHER_LDFLAGS = "--version";
				OTHER_SWIFT_FLAGS = "--version";
				PRODUCT_BUNDLE_IDENTIFIER = Google.UrlGet;
				PRODUCT_NAME = "ios-app";
				SDKROOT = iphoneos;
				SWIFT_INSTALL_OBJC_HEADER = NO;
				SWIFT_OBJC_INTERFACE_HEADER_NAME = "$(PRODUCT_NAME).h";
				TULSI_BUILD_PATH = "ios-app";
				TULSI_XCODE_VERSION = 11.5.0.11E608c;
			};
			name = __TulsiTestRunner_Release;
		};
		8A6D282B0ED1F45600000002 /* __TulsiTestRunner_Release */ = {
			isa = XCBuildConfiguration;
			buildSettings = {
				ASSETCATALOG_COMPILER_LAUNCHIMAGE_NAME = "Stub Launch Image";
				BAZEL_TARGET = "//ios-app:UrlGetClasses";
				DEBUG_INFORMATION_FORMAT = dwarf;
				FRAMEWORK_SEARCH_PATHS = "";
				GCC_PREPROCESSOR_DEFINITIONS = "NDEBUG=1";
				HEADER_SEARCH_PATHS = "";
				INFOPLIST_FILE = "${PROJECT_FILE_PATH}/.tulsi/Resources/StubInfoPlist.plist";
				IPHONEOS_DEPLOYMENT_TARGET = 13.5;
				ONLY_ACTIVE_ARCH = YES;
				OTHER_CFLAGS = "--version";
				OTHER_LDFLAGS = "--version";
				OTHER_SWIFT_FLAGS = "--version";
				PRODUCT_NAME = "ios-app-UrlGetClasses";
				SDKROOT = iphoneos;
				SWIFT_INSTALL_OBJC_HEADER = NO;
				SWIFT_OBJC_INTERFACE_HEADER_NAME = "$(PRODUCT_NAME).h";
				TULSI_BUILD_PATH = "ios-app";
				TULSI_XCODE_VERSION = 11.5.0.11E608c;
			};
			name = __TulsiTestRunner_Release;
		};
		8A6D282B26B3138B00000000 /* Release */ = {
			isa = XCBuildConfiguration;
			buildSettings = {
				ALWAYS_SEARCH_USER_PATHS = NO;
				CLANG_CXX_LANGUAGE_STANDARD = "gnu++17";
				CLANG_ENABLE_OBJC_ARC = YES;
				CLANG_WARN_BOOL_CONVERSION = YES;
				CLANG_WARN_CONSTANT_CONVERSION = YES;
				CLANG_WARN_EMPTY_BODY = YES;
				CLANG_WARN_ENUM_CONVERSION = YES;
				CLANG_WARN_INT_CONVERSION = YES;
				CLANG_WARN_UNREACHABLE_CODE = YES;
				CLANG_WARN__DUPLICATE_METHOD_MATCH = YES;
				CODE_SIGNING_REQUIRED = NO;
				CODE_SIGN_IDENTITY = "";
				DONT_RUN_SWIFT_STDLIB_TOOL = YES;
				ENABLE_TESTABILITY = YES;
				FRAMEWORK_SEARCH_PATHS = "$(PLATFORM_DIR)/Developer/Library/Frameworks";
				GCC_PREPROCESSOR_DEFINITIONS = "NDEBUG=1";
				GCC_WARN_64_TO_32_BIT_CONVERSION = YES;
				GCC_WARN_ABOUT_RETURN_TYPE = YES;
				GCC_WARN_UNDECLARED_SELECTOR = YES;
				GCC_WARN_UNINITIALIZED_AUTOS = YES;
				GCC_WARN_UNUSED_FUNCTION = YES;
				GCC_WARN_UNUSED_VARIABLE = YES;
				HEADER_SEARCH_PATHS = "$(TULSI_BWRS) $(TULSI_WR)/bazel-bin $(TULSI_WR)/bazel-genfiles $(TULSI_BWRS)/bazel-tulsi-includes/x/x";
				ONLY_ACTIVE_ARCH = YES;
				PYTHONIOENCODING = utf8;
				SDKROOT = iphoneos;
				SWIFT_VERSION = 5.2;
				TULSI_BWRS = "$(PROJECT_FILE_PATH)/.tulsi/tulsi-workspace";
				TULSI_PROJECT = BazelExample;
				TULSI_VERSION = 0.20200514.88;
				TULSI_WR = "$(SRCROOT)";
			};
			name = Release;
		};
		8A6D282B26B3138B00000001 /* Release */ = {
			isa = XCBuildConfiguration;
			buildSettings = {
				ASSETCATALOG_COMPILER_LAUNCHIMAGE_NAME = "Stub Launch Image";
				BAZEL_TARGET = "//ios-app:ios-app";
				DEBUG_INFORMATION_FORMAT = dwarf;
				GCC_PREPROCESSOR_DEFINITIONS = "NDEBUG=1";
				INFOPLIST_FILE = "${PROJECT_FILE_PATH}/.tulsi/Resources/StubInfoPlist.plist";
				IPHONEOS_DEPLOYMENT_TARGET = 8.0;
				PRODUCT_BUNDLE_IDENTIFIER = Google.UrlGet;
				PRODUCT_NAME = "ios-app";
				SDKROOT = iphoneos;
				TULSI_BUILD_PATH = "ios-app";
				TULSI_XCODE_VERSION = 11.5.0.11E608c;
			};
			name = Release;
		};
		8A6D282B26B3138B00000002 /* Release */ = {
			isa = XCBuildConfiguration;
			buildSettings = {
				ASSETCATALOG_COMPILER_LAUNCHIMAGE_NAME = "Stub Launch Image";
				BAZEL_TARGET = "//ios-app:UrlGetClasses";
				DEBUG_INFORMATION_FORMAT = dwarf;
				GCC_PREPROCESSOR_DEFINITIONS = "NDEBUG=1";
				INFOPLIST_FILE = "${PROJECT_FILE_PATH}/.tulsi/Resources/StubInfoPlist.plist";
				IPHONEOS_DEPLOYMENT_TARGET = 13.5;
				PRODUCT_NAME = "ios-app-UrlGetClasses";
				SDKROOT = iphoneos;
				TULSI_BUILD_PATH = "ios-app";
				TULSI_XCODE_VERSION = 11.5.0.11E608c;
			};
			name = Release;
		};
		8A6D282B37C2DB6100000000 /* Debug */ = {
			isa = XCBuildConfiguration;
			buildSettings = {
				ALWAYS_SEARCH_USER_PATHS = NO;
				CLANG_CXX_LANGUAGE_STANDARD = "gnu++17";
				CLANG_ENABLE_OBJC_ARC = YES;
				CLANG_WARN_BOOL_CONVERSION = YES;
				CLANG_WARN_CONSTANT_CONVERSION = YES;
				CLANG_WARN_EMPTY_BODY = YES;
				CLANG_WARN_ENUM_CONVERSION = YES;
				CLANG_WARN_INT_CONVERSION = YES;
				CLANG_WARN_UNREACHABLE_CODE = YES;
				CLANG_WARN__DUPLICATE_METHOD_MATCH = YES;
				CODE_SIGNING_REQUIRED = NO;
				CODE_SIGN_IDENTITY = "";
				DONT_RUN_SWIFT_STDLIB_TOOL = YES;
				ENABLE_TESTABILITY = YES;
				FRAMEWORK_SEARCH_PATHS = "$(PLATFORM_DIR)/Developer/Library/Frameworks";
				GCC_PREPROCESSOR_DEFINITIONS = "DEBUG=1";
				GCC_WARN_64_TO_32_BIT_CONVERSION = YES;
				GCC_WARN_ABOUT_RETURN_TYPE = YES;
				GCC_WARN_UNDECLARED_SELECTOR = YES;
				GCC_WARN_UNINITIALIZED_AUTOS = YES;
				GCC_WARN_UNUSED_FUNCTION = YES;
				GCC_WARN_UNUSED_VARIABLE = YES;
				HEADER_SEARCH_PATHS = "$(TULSI_BWRS) $(TULSI_WR)/bazel-bin $(TULSI_WR)/bazel-genfiles $(TULSI_BWRS)/bazel-tulsi-includes/x/x";
				ONLY_ACTIVE_ARCH = YES;
				PYTHONIOENCODING = utf8;
				SDKROOT = iphoneos;
				SWIFT_VERSION = 5.2;
				TULSI_BWRS = "$(PROJECT_FILE_PATH)/.tulsi/tulsi-workspace";
				TULSI_PROJECT = BazelExample;
				TULSI_VERSION = 0.20200514.88;
				TULSI_WR = "$(SRCROOT)";
			};
			name = Debug;
		};
		8A6D282B37C2DB6100000001 /* Debug */ = {
			isa = XCBuildConfiguration;
			buildSettings = {
				ASSETCATALOG_COMPILER_LAUNCHIMAGE_NAME = "Stub Launch Image";
				BAZEL_TARGET = "//ios-app:ios-app";
				DEBUG_INFORMATION_FORMAT = dwarf;
				GCC_PREPROCESSOR_DEFINITIONS = "DEBUG=1";
				INFOPLIST_FILE = "${PROJECT_FILE_PATH}/.tulsi/Resources/StubInfoPlist.plist";
				IPHONEOS_DEPLOYMENT_TARGET = 8.0;
				PRODUCT_BUNDLE_IDENTIFIER = Google.UrlGet;
				PRODUCT_NAME = "ios-app";
				SDKROOT = iphoneos;
				TULSI_BUILD_PATH = "ios-app";
				TULSI_XCODE_VERSION = 11.5.0.11E608c;
			};
			name = Debug;
		};
		8A6D282B37C2DB6100000002 /* Debug */ = {
			isa = XCBuildConfiguration;
			buildSettings = {
				ASSETCATALOG_COMPILER_LAUNCHIMAGE_NAME = "Stub Launch Image";
				BAZEL_TARGET = "//ios-app:UrlGetClasses";
				DEBUG_INFORMATION_FORMAT = dwarf;
				GCC_PREPROCESSOR_DEFINITIONS = "DEBUG=1";
				INFOPLIST_FILE = "${PROJECT_FILE_PATH}/.tulsi/Resources/StubInfoPlist.plist";
				IPHONEOS_DEPLOYMENT_TARGET = 13.5;
				PRODUCT_NAME = "ios-app-UrlGetClasses";
				SDKROOT = iphoneos;
				TULSI_BUILD_PATH = "ios-app";
				TULSI_XCODE_VERSION = 11.5.0.11E608c;
			};
			name = Debug;
		};
		8A6D282B737940E900000000 /* __TulsiTestRunner_Debug */ = {
			isa = XCBuildConfiguration;
			buildSettings = {
				ALWAYS_SEARCH_USER_PATHS = NO;
				CLANG_CXX_LANGUAGE_STANDARD = "gnu++17";
				CLANG_ENABLE_OBJC_ARC = YES;
				CLANG_WARN_BOOL_CONVERSION = YES;
				CLANG_WARN_CONSTANT_CONVERSION = YES;
				CLANG_WARN_EMPTY_BODY = YES;
				CLANG_WARN_ENUM_CONVERSION = YES;
				CLANG_WARN_INT_CONVERSION = YES;
				CLANG_WARN_UNREACHABLE_CODE = YES;
				CLANG_WARN__DUPLICATE_METHOD_MATCH = YES;
				CODE_SIGNING_REQUIRED = NO;
				CODE_SIGN_IDENTITY = "";
				DONT_RUN_SWIFT_STDLIB_TOOL = YES;
				ENABLE_TESTABILITY = YES;
				FRAMEWORK_SEARCH_PATHS = "";
				GCC_PREPROCESSOR_DEFINITIONS = "DEBUG=1";
				GCC_WARN_64_TO_32_BIT_CONVERSION = YES;
				GCC_WARN_ABOUT_RETURN_TYPE = YES;
				GCC_WARN_UNDECLARED_SELECTOR = YES;
				GCC_WARN_UNINITIALIZED_AUTOS = YES;
				GCC_WARN_UNUSED_FUNCTION = YES;
				GCC_WARN_UNUSED_VARIABLE = YES;
				HEADER_SEARCH_PATHS = "";
				ONLY_ACTIVE_ARCH = YES;
				OTHER_CFLAGS = "--version";
				OTHER_LDFLAGS = "--version";
				OTHER_SWIFT_FLAGS = "--version";
				PYTHONIOENCODING = utf8;
				SDKROOT = iphoneos;
				SWIFT_INSTALL_OBJC_HEADER = NO;
				SWIFT_OBJC_INTERFACE_HEADER_NAME = "$(PRODUCT_NAME).h";
				SWIFT_VERSION = 5.2;
				TULSI_BWRS = "$(PROJECT_FILE_PATH)/.tulsi/tulsi-workspace";
				TULSI_PROJECT = BazelExample;
				TULSI_VERSION = 0.20200514.88;
				TULSI_WR = "$(SRCROOT)";
			};
			name = __TulsiTestRunner_Debug;
		};
		8A6D282B737940E900000001 /* __TulsiTestRunner_Debug */ = {
			isa = XCBuildConfiguration;
			buildSettings = {
				ASSETCATALOG_COMPILER_LAUNCHIMAGE_NAME = "Stub Launch Image";
				BAZEL_TARGET = "//ios-app:ios-app";
				DEBUG_INFORMATION_FORMAT = dwarf;
				FRAMEWORK_SEARCH_PATHS = "";
				GCC_PREPROCESSOR_DEFINITIONS = "DEBUG=1";
				HEADER_SEARCH_PATHS = "";
				INFOPLIST_FILE = "${PROJECT_FILE_PATH}/.tulsi/Resources/StubInfoPlist.plist";
				IPHONEOS_DEPLOYMENT_TARGET = 8.0;
				ONLY_ACTIVE_ARCH = YES;
				OTHER_CFLAGS = "--version";
				OTHER_LDFLAGS = "--version";
				OTHER_SWIFT_FLAGS = "--version";
				PRODUCT_BUNDLE_IDENTIFIER = Google.UrlGet;
				PRODUCT_NAME = "ios-app";
				SDKROOT = iphoneos;
				SWIFT_INSTALL_OBJC_HEADER = NO;
				SWIFT_OBJC_INTERFACE_HEADER_NAME = "$(PRODUCT_NAME).h";
				TULSI_BUILD_PATH = "ios-app";
				TULSI_XCODE_VERSION = 11.5.0.11E608c;
			};
			name = __TulsiTestRunner_Debug;
		};
		8A6D282B737940E900000002 /* __TulsiTestRunner_Debug */ = {
			isa = XCBuildConfiguration;
			buildSettings = {
				ASSETCATALOG_COMPILER_LAUNCHIMAGE_NAME = "Stub Launch Image";
				BAZEL_TARGET = "//ios-app:UrlGetClasses";
				DEBUG_INFORMATION_FORMAT = dwarf;
				FRAMEWORK_SEARCH_PATHS = "";
				GCC_PREPROCESSOR_DEFINITIONS = "DEBUG=1";
				HEADER_SEARCH_PATHS = "";
				INFOPLIST_FILE = "${PROJECT_FILE_PATH}/.tulsi/Resources/StubInfoPlist.plist";
				IPHONEOS_DEPLOYMENT_TARGET = 13.5;
				ONLY_ACTIVE_ARCH = YES;
				OTHER_CFLAGS = "--version";
				OTHER_LDFLAGS = "--version";
				OTHER_SWIFT_FLAGS = "--version";
				PRODUCT_NAME = "ios-app-UrlGetClasses";
				SDKROOT = iphoneos;
				SWIFT_INSTALL_OBJC_HEADER = NO;
				SWIFT_OBJC_INTERFACE_HEADER_NAME = "$(PRODUCT_NAME).h";
				TULSI_BUILD_PATH = "ios-app";
				TULSI_XCODE_VERSION = 11.5.0.11E608c;
			};
			name = __TulsiTestRunner_Debug;
		};
/* End XCBuildConfiguration section */

/* Begin XCConfigurationList section */
		FE03DA74045B4F4600000000 /* Build configuration list for PBXLegacyTarget "_bazel_clean_" */ = {
			isa = XCConfigurationList;
			buildConfigurations = (
			);
			defaultConfigurationIsVisible = 0;
		};
		FE03DA7453A7ECBA00000000 /* Build configuration list for PBXNativeTarget "ios-app" */ = {
			isa = XCConfigurationList;
			buildConfigurations = (
				8A6D282B37C2DB6100000001 /* Debug */,
				8A6D282B26B3138B00000001 /* Release */,
				8A6D282B737940E900000001 /* __TulsiTestRunner_Debug */,
				8A6D282B0ED1F45600000001 /* __TulsiTestRunner_Release */,
			);
			defaultConfigurationIsVisible = 0;
		};
		FE03DA7482FCDCB300000000 /* Build configuration list for PBXProject "BazelExample" */ = {
			isa = XCConfigurationList;
			buildConfigurations = (
				8A6D282B37C2DB6100000000 /* Debug */,
				8A6D282B26B3138B00000000 /* Release */,
				8A6D282B737940E900000000 /* __TulsiTestRunner_Debug */,
				8A6D282B0ED1F45600000000 /* __TulsiTestRunner_Release */,
			);
			defaultConfigurationIsVisible = 0;
		};
		FE03DA74FAD34DEB00000000 /* Build configuration list for PBXNativeTarget "ios-app-UrlGetClasses" */ = {
			isa = XCConfigurationList;
			buildConfigurations = (
				8A6D282B37C2DB6100000002 /* Debug */,
				8A6D282B26B3138B00000002 /* Release */,
				8A6D282B737940E900000002 /* __TulsiTestRunner_Debug */,
				8A6D282B0ED1F45600000002 /* __TulsiTestRunner_Release */,
			);
			defaultConfigurationIsVisible = 0;
		};
/* End XCConfigurationList section */
	};
	rootObject = 88F44A677BD1E21400000000 /* Project object */;
}